github.com/BurntSushi/toml v0.3.1 h1:WXkYYl6Yr3qBf1K79EBnL4mak0OimBfB0XUf9Vl28OQ=
github.com/BurntSushi/toml v0.3.1/go.mod h1:xHWCNGjB5oqiDr8zfno3MHue2Ht5sIBksp03qcyfWMU=
github.com/ChenLong-dev/gobase v0.0.1 h1:C9xUPP+f3H4mJu0AU3S67lSqJgLJhArWFtFha94wHUY=
github.com/ChenLong-dev/gobase v0.0.1/go.mod h1:LqyKnuT5Ea1f1QBIPmyqr3GN3nky3D2iQtzlhf3MQ+E=
gopkg.in/natefinch/lumberjack.v2 v2.0.0 h1:1Lc07Kr7qY4U2YPouBjpCLxpiyxIVoxqXgkXLknAOE8=
gopkg.in/natefinch/lumberjack.v2 v2.0.0/go.mod h1:l0ndWWf7gzL7RNwBG7wST/UCcT4T24xpD6X8LsfU/+k=
